// !$*UTF8*$!
{
	archiveVersion = 1;
	classes = {
	};
	objectVersion = 45;
	objects = {

/* Begin PBXBuildFile section */
		7FBDA3A911811FDA00B2AAE4 /* ConcordanceMaker.cpp in Sources */ = {isa = PBXBuildFile; fileRef = 7FBDA3A811811FDA00B2AAE4 /* ConcordanceMaker.cpp */; };
		8DD76F6A0486A84900D96B5E /* Project5.1 in CopyFiles */ = {isa = PBXBuildFile; fileRef = C6859E8B029090EE04C91782 /* Project5.1 */; };
/* End PBXBuildFile section */

/* Begin PBXCopyFilesBuildPhase section */
		8DD76F690486A84900D96B5E /* CopyFiles */ = {
			isa = PBXCopyFilesBuildPhase;
			buildActionMask = 8;
			dstPath = /usr/share/man/man1/;
			dstSubfolderSpec = 0;
			files = (
				8DD76F6A0486A84900D96B5E /* Project5.1 in CopyFiles */,
			);
			runOnlyForDeploymentPostprocessing = 1;
		};
/* End PBXCopyFilesBuildPhase section */

/* Begin PBXFileReference section */
		5281B2B9159A6F4C0065039C /* Genesis.txt */ = {isa = PBXFileReference; fileEncoding = 4; lastKnownFileType = text; path = Genesis.txt; sourceTree = "<group>"; };
		5281B2BA159A6F4C0065039C /* John.txt */ = {isa = PBXFileReference; fileEncoding = 4; lastKnownFileType = text; path = John.txt; sourceTree = "<group>"; };
		7FBDA39311811F2F00B2AAE4 /* Reference.h */ = {isa = PBXFileReference; fileEncoding = 4; lastKnownFileType = sourcecode.c.h; path = Reference.h; sourceTree = "<group>"; };
		7FBDA39411811F3F00B2AAE4 /* Word.h */ = {isa = PBXFileReference; fileEncoding = 4; lastKnownFileType = sourcecode.c.h; path = Word.h; sourceTree = "<group>"; };
		7FBDA39511811F5700B2AAE4 /* Concordance.h */ = {isa = PBXFileReference; fileEncoding = 4; lastKnownFileType = sourcecode.c.h; path = Concordance.h; sourceTree = "<group>"; };
		7FBDA39611811F9B00B2AAE4 /* binarysearchtree.h */ = {isa = PBXFileReference; fileEncoding = 4; lastKnownFileType = sourcecode.c.h; path = binarysearchtree.h; sourceTree = "<group>"; };
		7FBDA3A811811FDA00B2AAE4 /* ConcordanceMaker.cpp */ = {isa = PBXFileReference; fileEncoding = 4; lastKnownFileType = sourcecode.cpp.cpp; path = ConcordanceMaker.cpp; sourceTree = "<group>"; };
		7FBDA3BE1181241200B2AAE4 /* arraylist.h */ = {isa = PBXFileReference; fileEncoding = 4; lastKnownFileType = sourcecode.c.h; path = arraylist.h; sourceTree = "<group>"; };
		7FBDA4301182AD2A00B2AAE4 /* linkedqueue.h */ = {isa = PBXFileReference; fileEncoding = 4; lastKnownFileType = sourcecode.c.h; path = linkedqueue.h; sourceTree = "<group>"; };
		7FBDA4651182ADA000B2AAE4 /* circlinkedlist.h */ = {isa = PBXFileReference; fileEncoding = 4; lastKnownFileType = sourcecode.c.h; path = circlinkedlist.h; sourceTree = "<group>"; };
		7FBDA5F011838CBE00B2AAE4 /* doublylinkedlist.h */ = {isa = PBXFileReference; fileEncoding = 4; lastKnownFileType = sourcecode.c.h; path = doublylinkedlist.h; sourceTree = "<group>"; };
		7FBDA5F111838CBE00B2AAE4 /* doublylinkedlistnode.h */ = {isa = PBXFileReference; fileEncoding = 4; lastKnownFileType = sourcecode.c.h; path = doublylinkedlistnode.h; sourceTree = "<group>"; };
		7FBDA5F511838CEA00B2AAE4 /* binarytree.h */ = {isa = PBXFileReference; fileEncoding = 4; lastKnownFileType = sourcecode.c.h; path = binarytree.h; sourceTree = "<group>"; };
		7FBDA5F611838CF900B2AAE4 /* binarytreenode.h */ = {isa = PBXFileReference; fileEncoding = 4; lastKnownFileType = sourcecode.c.h; path = binarytreenode.h; sourceTree = "<group>"; };
		8DD76F6C0486A84900D96B5E /* Project5 */ = {isa = PBXFileReference; explicitFileType = "compiled.mach-o.executable"; includeInIndex = 0; path = Project5; sourceTree = BUILT_PRODUCTS_DIR; };
		C6859E8B029090EE04C91782 /* Project5.1 */ = {isa = PBXFileReference; lastKnownFileType = text.man; path = Project5.1; sourceTree = "<group>"; };
/* End PBXFileReference section */

/* Begin PBXFrameworksBuildPhase section */
		8DD76F660486A84900D96B5E /* Frameworks */ = {
			isa = PBXFrameworksBuildPhase;
			buildActionMask = 2147483647;
			files = (
			);
			runOnlyForDeploymentPostprocessing = 0;
		};
/* End PBXFrameworksBuildPhase section */

/* Begin PBXGroup section */
		08FB7794FE84155DC02AAC07 /* Project5 */ = {
			isa = PBXGroup;
			children = (
				08FB7795FE84155DC02AAC07 /* Source */,
				C6859E8C029090F304C91782 /* Documentation */,
				1AB674ADFE9D54B511CA2CBB /* Products */,
				5281B2B9159A6F4C0065039C /* Genesis.txt */,
				5281B2BA159A6F4C0065039C /* John.txt */,
			);
			name = Project5;
			sourceTree = "<group>";
		};
		08FB7795FE84155DC02AAC07 /* Source */ = {
			isa = PBXGroup;
			children = (
				7FBDA3A811811FDA00B2AAE4 /* ConcordanceMaker.cpp */,
				7FBDA39B11811FC600B2AAE4 /* Support Classes */,
				7FBDA39A11811FAF00B2AAE4 /* Binary Tree */,
			);
			name = Source;
			sourceTree = "<group>";
		};
		1AB674ADFE9D54B511CA2CBB /* Products */ = {
			isa = PBXGroup;
			children = (
				8DD76F6C0486A84900D96B5E /* Project5 */,
			);
			name = Products;
			sourceTree = "<group>";
		};
		7FBDA39A11811FAF00B2AAE4 /* Binary Tree */ = {
			isa = PBXGroup;
			children = (
				7FBDA39611811F9B00B2AAE4 /* binarysearchtree.h */,
				7FBDA5F011838CBE00B2AAE4 /* doublylinkedlist.h */,
				7FBDA5F111838CBE00B2AAE4 /* doublylinkedlistnode.h */,
				7FBDA4651182ADA000B2AAE4 /* circlinkedlist.h */,
				7FBDA4301182AD2A00B2AAE4 /* linkedqueue.h */,
				7FBDA3BE1181241200B2AAE4 /* arraylist.h */,
				7FBDA5F511838CEA00B2AAE4 /* binarytree.h */,
				7FBDA5F611838CF900B2AAE4 /* binarytreenode.h */,
			);
			name = "Binary Tree";
			sourceTree = "<group>";
		};
		7FBDA39B11811FC600B2AAE4 /* Support Classes */ = {
			isa = PBXGroup;
			children = (
				7FBDA39511811F5700B2AAE4 /* Concordance.h */,
				7FBDA39411811F3F00B2AAE4 /* Word.h */,
				7FBDA39311811F2F00B2AAE4 /* Reference.h */,
			);
			name = "Support Classes";
			sourceTree = "<group>";
		};
		C6859E8C029090F304C91782 /* Documentation */ = {
			isa = PBXGroup;
			children = (
				C6859E8B029090EE04C91782 /* Project5.1 */,
			);
			name = Documentation;
			sourceTree = "<group>";
		};
/* End PBXGroup section */

/* Begin PBXNativeTarget section */
		8DD76F620486A84900D96B5E /* Project5 */ = {
			isa = PBXNativeTarget;
			buildConfigurationList = 1DEB923108733DC60010E9CD /* Build configuration list for PBXNativeTarget "Project5" */;
			buildPhases = (
				8DD76F640486A84900D96B5E /* Sources */,
				8DD76F660486A84900D96B5E /* Frameworks */,
				8DD76F690486A84900D96B5E /* CopyFiles */,
			);
			buildRules = (
			);
			dependencies = (
			);
			name = Project5;
			productInstallPath = "$(HOME)/bin";
			productName = Project5;
			productReference = 8DD76F6C0486A84900D96B5E /* Project5 */;
			productType = "com.apple.product-type.tool";
		};
/* End PBXNativeTarget section */

/* Begin PBXProject section */
		08FB7793FE84155DC02AAC07 /* Project object */ = {
			isa = PBXProject;
			buildConfigurationList = 1DEB923508733DC60010E9CD /* Build configuration list for PBXProject "Project5" */;
			compatibilityVersion = "Xcode 3.1";
			developmentRegion = English;
			hasScannedForEncodings = 1;
			knownRegions = (
				en,
			);
			mainGroup = 08FB7794FE84155DC02AAC07 /* Project5 */;
			projectDirPath = "";
			projectRoot = "";
			targets = (
				8DD76F620486A84900D96B5E /* Project5 */,
			);
		};
/* End PBXProject section */

/* Begin PBXSourcesBuildPhase section */
		8DD76F640486A84900D96B5E /* Sources */ = {
			isa = PBXSourcesBuildPhase;
			buildActionMask = 2147483647;
			files = (
				7FBDA3A911811FDA00B2AAE4 /* ConcordanceMaker.cpp in Sources */,
			);
			runOnlyForDeploymentPostprocessing = 0;
		};
/* End PBXSourcesBuildPhase section */

/* Begin XCBuildConfiguration section */
		1DEB923208733DC60010E9CD /* Debug */ = {
			isa = XCBuildConfiguration;
			buildSettings = {
				ALWAYS_SEARCH_USER_PATHS = NO;
				COPY_PHASE_STRIP = NO;
				GCC_DYNAMIC_NO_PIC = NO;
				GCC_ENABLE_FIX_AND_CONTINUE = YES;
				GCC_MODEL_TUNING = G5;
				GCC_OPTIMIZATION_LEVEL = 0;
				INSTALL_PATH = /usr/local/bin;
				PRODUCT_NAME = Project5;
			};
			name = Debug;
		};
		1DEB923308733DC60010E9CD /* Release */ = {
			isa = XCBuildConfiguration;
			buildSettings = {
				ALWAYS_SEARCH_USER_PATHS = NO;
				DEBUG_INFORMATION_FORMAT = "dwarf-with-dsym";
				GCC_MODEL_TUNING = G5;
				INSTALL_PATH = /usr/local/bin;
				PRODUCT_NAME = Project5;
			};
			name = Release;
		};
		1DEB923608733DC60010E9CD /* Debug */ = {
			isa = XCBuildConfiguration;
			buildSettings = {
				ARCHS = "$(ARCHS_STANDARD_32_64_BIT)";
				GCC_C_LANGUAGE_STANDARD = gnu99;
				GCC_OPTIMIZATION_LEVEL = 0;
				GCC_WARN_ABOUT_RETURN_TYPE = YES;
				GCC_WARN_UNUSED_VARIABLE = YES;
				ONLY_ACTIVE_ARCH = YES;
				PREBINDING = NO;
				SDKROOT = macosx10.6;
			};
			name = Debug;
		};
		1DEB923708733DC60010E9CD /* Release */ = {
			isa = XCBuildConfiguration;
			buildSettings = {
				ARCHS = "$(ARCHS_STANDARD_32_64_BIT)";
				GCC_C_LANGUAGE_STANDARD = gnu99;
				GCC_WARN_ABOUT_RETURN_TYPE = YES;
				GCC_WARN_UNUSED_VARIABLE = YES;
				PREBINDING = NO;
				SDKROOT = macosx10.6;
			};
			name = Release;
		};
/* End XCBuildConfiguration section */

/* Begin XCConfigurationList section */
		1DEB923108733DC60010E9CD /* Build configuration list for PBXNativeTarget "Project5" */ = {
			isa = XCConfigurationList;
			buildConfigurations = (
				1DEB923208733DC60010E9CD /* Debug */,
				1DEB923308733DC60010E9CD /* Release */,
			);
			defaultConfigurationIsVisible = 0;
			defaultConfigurationName = Release;
		};
		1DEB923508733DC60010E9CD /* Build configuration list for PBXProject "Project5" */ = {
			isa = XCConfigurationList;
			buildConfigurations = (
				1DEB923608733DC60010E9CD /* Debug */,
				1DEB923708733DC60010E9CD /* Release */,
			);
			defaultConfigurationIsVisible = 0;
			defaultConfigurationName = Release;
		};
/* End XCConfigurationList section */
	};
	rootObject = 08FB7793FE84155DC02AAC07 /* Project object */;
}
